
Microsoft Visual Studio Solution File, Format Version 12.00
# Visual Studio Version 16
VisualStudioVersion = 16.0.29609.76
MinimumVisualStudioVersion = 10.0.40219.1
Project("{FAE04EC0-301F-11D3-BF4B-00C04F79EFBC}") = "1_lab_filesystem", "Laba_OS_Filesystem\1_lab_filesystem.csproj", "{975F2267-0179-4BDF-8E93-E95980B3189D}"
EndProject
Global
	GlobalSection(SolutionConfigurationPlatforms) = preSolution
		Debug|Any CPU = Debug|Any CPU
		Release|Any CPU = Release|Any CPU
	EndGlobalSection
	GlobalSection(ProjectConfigurationPlatforms) = postSolution
		{975F2267-0179-4BDF-8E93-E95980B3189D}.Debug|Any CPU.ActiveCfg = Debug|Any CPU
		{975F2267-0179-4BDF-8E93-E95980B3189D}.Debug|Any CPU.Build.0 = Debug|Any CPU
		{975F2267-0179-4BDF-8E93-E95980B3189D}.Release|Any CPU.ActiveCfg = Release|Any CPU
		{975F2267-0179-4BDF-8E93-E95980B3189D}.Release|Any CPU.Build.0 = Release|Any CPU
	EndGlobalSection
	GlobalSection(SolutionProperties) = preSolution
		HideSolutionNode = FALSE
	EndGlobalSection
	GlobalSection(ExtensibilityGlobals) = postSolution
		SolutionGuid = {2845B682-CFE1-4FF4-B2F5-DEC9A0037AFB}
	EndGlobalSection
EndGlobal
